
Microsoft Visual Studio Solution File, Format Version 12.00
# Visual Studio Version 17
VisualStudioVersion = 17.3.32929.385
MinimumVisualStudioVersion = 10.0.40219.1
Project("{FAE04EC0-301F-11D3-BF4B-00C04F79EFBC}") = "NatsukiTakahashi", "NatsukiTakahashi\NatsukiTakahashi.csproj", "{86163828-D82D-4018-951A-2EFFC1274495}"
EndProject
Global
	GlobalSection(SolutionConfigurationPlatforms) = preSolution
		Debug|Any CPU = Debug|Any CPU
		Release|Any CPU = Release|Any CPU
	EndGlobalSection
	GlobalSection(ProjectConfigurationPlatforms) = postSolution
		{86163828-D82D-4018-951A-2EFFC1274495}.Debug|Any CPU.ActiveCfg = Debug|Any CPU
		{86163828-D82D-4018-951A-2EFFC1274495}.Debug|Any CPU.Build.0 = Debug|Any CPU
		{86163828-D82D-4018-951A-2EFFC1274495}.Release|Any CPU.ActiveCfg = Release|Any CPU
		{86163828-D82D-4018-951A-2EFFC1274495}.Release|Any CPU.Build.0 = Release|Any CPU
	EndGlobalSection
	GlobalSection(SolutionProperties) = preSolution
		HideSolutionNode = FALSE
	EndGlobalSection
	GlobalSection(ExtensibilityGlobals) = postSolution
		SolutionGuid = {75B9BAA0-8B8A-41B1-AB0B-4786E954DEFC}
	EndGlobalSection
EndGlobal
